
Microsoft Visual Studio Solution File, Format Version 12.00
# Visual Studio Version 17
VisualStudioVersion = 17.6.33815.320
MinimumVisualStudioVersion = 10.0.40219.1
Project("{9A19103F-16F7-4668-BE54-9A1E7A4F7556}") = "Online-Shoe", "Online-Shoe\Online-Shoe.csproj", "{15B708D2-2039-470D-96B3-92DE17E66452}"
EndProject
Project("{9A19103F-16F7-4668-BE54-9A1E7A4F7556}") = "OnlineShoe.Model", "OnlineShoe.Model\OnlineShoe.Model.csproj", "{4534AE34-7A15-451E-BF38-024B047D6F66}"
EndProject
Project("{9A19103F-16F7-4668-BE54-9A1E7A4F7556}") = "OnlineShoe.Repository", "OnlineShoe.Repository\OnlineShoe.Repository.csproj", "{7DD78B39-FA8B-4537-B714-C45117628DEA}"
EndProject
Project("{E53339B2-1760-4266-BCC7-CA923CBCF16C}") = "docker-compose", "docker-compose.dcproj", "{A31A1F77-5572-4A11-9A6E-1DCC6E00BC32}"
EndProject
Global
	GlobalSection(SolutionConfigurationPlatforms) = preSolution
		Debug|Any CPU = Debug|Any CPU
		Release|Any CPU = Release|Any CPU
	EndGlobalSection
	GlobalSection(ProjectConfigurationPlatforms) = postSolution
		{15B708D2-2039-470D-96B3-92DE17E66452}.Debug|Any CPU.ActiveCfg = Debug|Any CPU
		{15B708D2-2039-470D-96B3-92DE17E66452}.Debug|Any CPU.Build.0 = Debug|Any CPU
		{15B708D2-2039-470D-96B3-92DE17E66452}.Release|Any CPU.ActiveCfg = Release|Any CPU
		{15B708D2-2039-470D-96B3-92DE17E66452}.Release|Any CPU.Build.0 = Release|Any CPU
		{4534AE34-7A15-451E-BF38-024B047D6F66}.Debug|Any CPU.ActiveCfg = Debug|Any CPU
		{4534AE34-7A15-451E-BF38-024B047D6F66}.Debug|Any CPU.Build.0 = Debug|Any CPU
		{4534AE34-7A15-451E-BF38-024B047D6F66}.Release|Any CPU.ActiveCfg = Release|Any CPU
		{4534AE34-7A15-451E-BF38-024B047D6F66}.Release|Any CPU.Build.0 = Release|Any CPU
		{7DD78B39-FA8B-4537-B714-C45117628DEA}.Debug|Any CPU.ActiveCfg = Debug|Any CPU
		{7DD78B39-FA8B-4537-B714-C45117628DEA}.Debug|Any CPU.Build.0 = Debug|Any CPU
		{7DD78B39-FA8B-4537-B714-C45117628DEA}.Release|Any CPU.ActiveCfg = Release|Any CPU
		{7DD78B39-FA8B-4537-B714-C45117628DEA}.Release|Any CPU.Build.0 = Release|Any CPU
		{A31A1F77-5572-4A11-9A6E-1DCC6E00BC32}.Debug|Any CPU.ActiveCfg = Debug|Any CPU
		{A31A1F77-5572-4A11-9A6E-1DCC6E00BC32}.Debug|Any CPU.Build.0 = Debug|Any CPU
		{A31A1F77-5572-4A11-9A6E-1DCC6E00BC32}.Release|Any CPU.ActiveCfg = Release|Any CPU
		{A31A1F77-5572-4A11-9A6E-1DCC6E00BC32}.Release|Any CPU.Build.0 = Release|Any CPU
	EndGlobalSection
	GlobalSection(SolutionProperties) = preSolution
		HideSolutionNode = FALSE
	EndGlobalSection
	GlobalSection(ExtensibilityGlobals) = postSolution
		SolutionGuid = {475CE092-FFE4-410D-8D71-AA7AAB4AE8D0}
	EndGlobalSection
EndGlobal
